{
  "name": "clawd",
  "lockfileVersion": 3,
  "requires": true,
  "packages": {
    "": {
      "dependencies": {
        "numpy": "^0.0.1",
        "playwright": "^1.58.1",
        "scipy": "^0.1.4",
        "yfinance": "^0.0.6"
      }
    },
    "node_modules/fsevents": {
      "version": "2.3.2",
      "resolved": "https://registry.npmjs.org/fsevents/-/fsevents-2.3.2.tgz",
      "integrity": "sha512-xiqMQR4xAeHTuB9uWm+fFRcIOgKBMiOBP+eXiyT7jsgVCq1bkVygt00oASowB7EdtpOHaaPgKt812P9ab+DDKA==",
      "hasInstallScript": true,
      "license": "MIT",
      "optional": true,
      "os": [
        "darwin"
      ],
      "engines": {
        "node": "^8.16.0 || ^10.6.0 || >=11.0.0"
      }
    },
    "node_modules/numpy": {
      "version": "0.0.1",
      "resolved": "https://registry.npmjs.org/numpy/-/numpy-0.0.1.tgz",
      "integrity": "sha512-HPoSFyRtH4dRUGjI6bzeVKgfOeNtIAWLvVWMqbaNGmWKE+npdnZ6L78TEJELgZBb+9XpL6r16vOz1jaQ7YVI7Q==",
      "license": "MIT"
    },
    "node_modules/playwright": {
      "version": "1.58.1",
      "resolved": "https://registry.npmjs.org/playwright/-/playwright-1.58.1.tgz",
      "integrity": "sha512-+2uTZHxSCcxjvGc5C891LrS1/NlxglGxzrC4seZiVjcYVQfUa87wBL6rTDqzGjuoWNjnBzRqKmF6zRYGMvQUaQ==",
      "license": "Apache-2.0",
      "dependencies": {
        "playwright-core": "1.58.1"
      },
      "bin": {
        "playwright": "cli.js"
      },
      "engines": {
        "node": ">=18"
      },
      "optionalDependencies": {
        "fsevents": "2.3.2"
      }
    },
    "node_modules/playwright-core": {
      "version": "1.58.1",
      "resolved": "https://registry.npmjs.org/playwright-core/-/playwright-core-1.58.1.tgz",
      "integrity": "sha512-bcWzOaTxcW+VOOGBCQgnaKToLJ65d6AqfLVKEWvexyS3AS6rbXl+xdpYRMGSRBClPvyj44njOWoxjNdL/H9UNg==",
      "license": "Apache-2.0",
      "bin": {
        "playwright-core": "cli.js"
      },
      "engines": {
        "node": ">=18"
      }
    },
    "node_modules/scipy": {
      "version": "0.1.4",
      "resolved": "https://registry.npmjs.org/scipy/-/scipy-0.1.4.tgz",
      "integrity": "sha512-ncZZUHzI3duTvec2MxyPBhS2CCXUajZEsaNUqa9FV865tRyxQOt15zOtL+eAlvIax5BS1QGwYC7RXrpgpsPxWg==",
      "license": "MIT"
    },
    "node_modules/yfinance": {
      "version": "0.0.6",
      "resolved": "https://registry.npmjs.org/yfinance/-/yfinance-0.0.6.tgz",
      "integrity": "sha512-EcJrrcX+ZCpbhouGO6s5y7XRUHGBwFY19PKtUJ17vg1L0dSK2N59Ns0A/ZfLtpWC8WatWjen6gE+KW51bxthsA==",
      "license": "MIT"
    }
  }
}
